
Microsoft Visual Studio Solution File, Format Version 12.00
# Visual Studio Version 16
VisualStudioVersion = 16.0.31205.134
MinimumVisualStudioVersion = 10.0.40219.1
Project("{8BC9CEB8-8B4A-11D0-8D11-00A0C91BC942}") = "Project9", "Project9\Project9.vcxproj", "{16A78B16-68DA-4CA8-8CB2-8DDD2193146A}"
EndProject
Project("{FAE04EC0-301F-11D3-BF4B-00C04F79EFBC}") = "CodedUITestProject1", "CodedUITestProject1\CodedUITestProject1.csproj", "{736CED56-6B4A-4428-866E-5423A7FC538C}"
EndProject
Global
	GlobalSection(SolutionConfigurationPlatforms) = preSolution
		Debug|Any CPU = Debug|Any CPU
		Debug|x64 = Debug|x64
		Debug|x86 = Debug|x86
		Release|Any CPU = Release|Any CPU
		Release|x64 = Release|x64
		Release|x86 = Release|x86
	EndGlobalSection
	GlobalSection(ProjectConfigurationPlatforms) = postSolution
		{16A78B16-68DA-4CA8-8CB2-8DDD2193146A}.Debug|Any CPU.ActiveCfg = Debug|Win32
		{16A78B16-68DA-4CA8-8CB2-8DDD2193146A}.Debug|x64.ActiveCfg = Debug|x64
		{16A78B16-68DA-4CA8-8CB2-8DDD2193146A}.Debug|x64.Build.0 = Debug|x64
		{16A78B16-68DA-4CA8-8CB2-8DDD2193146A}.Debug|x86.ActiveCfg = Debug|Win32
		{16A78B16-68DA-4CA8-8CB2-8DDD2193146A}.Debug|x86.Build.0 = Debug|Win32
		{16A78B16-68DA-4CA8-8CB2-8DDD2193146A}.Release|Any CPU.ActiveCfg = Release|Win32
		{16A78B16-68DA-4CA8-8CB2-8DDD2193146A}.Release|x64.ActiveCfg = Release|x64
		{16A78B16-68DA-4CA8-8CB2-8DDD2193146A}.Release|x64.Build.0 = Release|x64
		{16A78B16-68DA-4CA8-8CB2-8DDD2193146A}.Release|x86.ActiveCfg = Release|Win32
		{16A78B16-68DA-4CA8-8CB2-8DDD2193146A}.Release|x86.Build.0 = Release|Win32
		{736CED56-6B4A-4428-866E-5423A7FC538C}.Debug|Any CPU.ActiveCfg = Debug|Any CPU
		{736CED56-6B4A-4428-866E-5423A7FC538C}.Debug|Any CPU.Build.0 = Debug|Any CPU
		{736CED56-6B4A-4428-866E-5423A7FC538C}.Debug|x64.ActiveCfg = Debug|Any CPU
		{736CED56-6B4A-4428-866E-5423A7FC538C}.Debug|x64.Build.0 = Debug|Any CPU
		{736CED56-6B4A-4428-866E-5423A7FC538C}.Debug|x86.ActiveCfg = Debug|Any CPU
		{736CED56-6B4A-4428-866E-5423A7FC538C}.Debug|x86.Build.0 = Debug|Any CPU
		{736CED56-6B4A-4428-866E-5423A7FC538C}.Release|Any CPU.ActiveCfg = Release|Any CPU
		{736CED56-6B4A-4428-866E-5423A7FC538C}.Release|Any CPU.Build.0 = Release|Any CPU
		{736CED56-6B4A-4428-866E-5423A7FC538C}.Release|x64.ActiveCfg = Release|Any CPU
		{736CED56-6B4A-4428-866E-5423A7FC538C}.Release|x64.Build.0 = Release|Any CPU
		{736CED56-6B4A-4428-866E-5423A7FC538C}.Release|x86.ActiveCfg = Release|Any CPU
		{736CED56-6B4A-4428-866E-5423A7FC538C}.Release|x86.Build.0 = Release|Any CPU
	EndGlobalSection
	GlobalSection(SolutionProperties) = preSolution
		HideSolutionNode = FALSE
	EndGlobalSection
	GlobalSection(ExtensibilityGlobals) = postSolution
		SolutionGuid = {36867EA7-CD7D-4D17-BA55-572C4E6264C5}
	EndGlobalSection
EndGlobal
